
Microsoft Visual Studio Solution File, Format Version 12.00
# Visual Studio 15
VisualStudioVersion = 15.0.27130.2010
MinimumVisualStudioVersion = 10.0.40219.1
Project("{FAE04EC0-301F-11D3-BF4B-00C04F79EFBC}") = "DevStore.Domain", "DevStore.Domain\DevStore.Domain.csproj", "{945BB055-ED58-4882-B24C-5F5AAF7AC5D2}"
EndProject
Project("{FAE04EC0-301F-11D3-BF4B-00C04F79EFBC}") = "DevStore.Infra", "DevStore.Infra\DevStore.Infra.csproj", "{A756D037-D685-484A-A65E-837FFB65A7F7}"
EndProject
Project("{FAE04EC0-301F-11D3-BF4B-00C04F79EFBC}") = "DevStore.Api", "DevStore.Api\DevStore.Api.csproj", "{BE219AD6-520B-4AC4-836B-E0B715CB0165}"
EndProject
Global
	GlobalSection(SolutionConfigurationPlatforms) = preSolution
		Debug|Any CPU = Debug|Any CPU
		Release|Any CPU = Release|Any CPU
	EndGlobalSection
	GlobalSection(ProjectConfigurationPlatforms) = postSolution
		{945BB055-ED58-4882-B24C-5F5AAF7AC5D2}.Debug|Any CPU.ActiveCfg = Debug|Any CPU
		{945BB055-ED58-4882-B24C-5F5AAF7AC5D2}.Debug|Any CPU.Build.0 = Debug|Any CPU
		{945BB055-ED58-4882-B24C-5F5AAF7AC5D2}.Release|Any CPU.ActiveCfg = Release|Any CPU
		{945BB055-ED58-4882-B24C-5F5AAF7AC5D2}.Release|Any CPU.Build.0 = Release|Any CPU
		{A756D037-D685-484A-A65E-837FFB65A7F7}.Debug|Any CPU.ActiveCfg = Debug|Any CPU
		{A756D037-D685-484A-A65E-837FFB65A7F7}.Debug|Any CPU.Build.0 = Debug|Any CPU
		{A756D037-D685-484A-A65E-837FFB65A7F7}.Release|Any CPU.ActiveCfg = Release|Any CPU
		{A756D037-D685-484A-A65E-837FFB65A7F7}.Release|Any CPU.Build.0 = Release|Any CPU
		{BE219AD6-520B-4AC4-836B-E0B715CB0165}.Debug|Any CPU.ActiveCfg = Debug|Any CPU
		{BE219AD6-520B-4AC4-836B-E0B715CB0165}.Debug|Any CPU.Build.0 = Debug|Any CPU
		{BE219AD6-520B-4AC4-836B-E0B715CB0165}.Release|Any CPU.ActiveCfg = Release|Any CPU
		{BE219AD6-520B-4AC4-836B-E0B715CB0165}.Release|Any CPU.Build.0 = Release|Any CPU
	EndGlobalSection
	GlobalSection(SolutionProperties) = preSolution
		HideSolutionNode = FALSE
	EndGlobalSection
	GlobalSection(ExtensibilityGlobals) = postSolution
		SolutionGuid = {D29EE552-9007-41DB-B783-24C474993CDD}
	EndGlobalSection
EndGlobal
